github.com/markcheno/go-quote v0.0.0-20240929161446-cb6fe2a2e6f8 h1:xjHmqImiMRzNrbkazP9e+EyplWAk36Gfza1IeLag72g=
github.com/markcheno/go-quote v0.0.0-20240929161446-cb6fe2a2e6f8/go.mod h1:XkWzl73UMsPUypTth1MHbTnSW6ydpD5qHdearJq3eaI=
github.com/markcheno/go-talib v0.0.0-20250114000313-ec55a20c902f h1:iKq//xEUUaeRoXNcAshpK4W8eSm7HtgI0aNznWtX7lk=
github.com/markcheno/go-talib v0.0.0-20250114000313-ec55a20c902f/go.mod h1:3YUtoVrKWu2ql+iAeRyepSz3fy6a+19hJzGS88+u4u0=
github.com/yuin/goldmark v1.4.13 h1:fVcFKWvrslecOb/tg+Cc05dkeYx540o0FuFt3nUVDoE=
github.com/yuin/goldmark v1.4.13/go.mod h1:6yULJ656Px+3vBD8DxQVa3kxgyrAnzto9xy5taEt/CY=
golang.org/x/mod v0.22.0 h1:D4nJWe9zXqHOmWqj4VMOJhvzj7bEZg4wEYa759z1pH4=
golang.org/x/mod v0.22.0/go.mod h1:6SkKJ3Xj0I0BrPOZoBy3bdMptDDU9oJrpohJ3eWZ1fY=
golang.org/x/tools v0.29.0 h1:Xx0h3TtM9rzQpQuR4dKLrdglAmCEN5Oi+P74JdhdzXE=
golang.org/x/tools v0.29.0/go.mod h1:KMQVMRsVxU6nHCFXrBPhDB8XncLNLM0lIy/F14RP588=
