github.com/davecgh/go-spew v1.1.1 h1:vj9j/u1bqnvCEfJOwUhtlOARqs3+rkHYY13jYWTU97c=
github.com/davecgh/go-spew v1.1.1/go.mod h1:J7Y8YcW2NihsgmVo/mv3lAwl/skON4iLHjSsI+c5H38=
github.com/go-ini/ini v1.67.0 h1:z6ZrTEZqSWOTyH2FlglNbNgARyHG8oLW9gMELqKr06A=
github.com/go-ini/ini v1.67.0/go.mod h1:ByCAeIL28uOIIG0E3PJtZPDL8WnHpFKFOtgjp+3Ies8=
github.com/gorilla/websocket v1.5.3 h1:saDtZ6Pbx/0u+bgYQ3q96pZgCzfhKXGPqt7kZ72aNNg=
github.com/gorilla/websocket v1.5.3/go.mod h1:YR8l580nyteQvAITg2hZ9XVh4b55+EU/adAjf1fMHhE=
github.com/markcheno/go-quote v0.0.0-20250315164324-e3f6b3774d3d h1:ZKoW7TFWLXsJBzGRPQN1hONT/Xt9JFS1JyIeCChLIfI=
github.com/markcheno/go-quote v0.0.0-20250315164324-e3f6b3774d3d/go.mod h1:XkWzl73UMsPUypTth1MHbTnSW6ydpD5qHdearJq3eaI=
github.com/markcheno/go-talib v0.0.0-20250114000313-ec55a20c902f h1:iKq//xEUUaeRoXNcAshpK4W8eSm7HtgI0aNznWtX7lk=
github.com/markcheno/go-talib v0.0.0-20250114000313-ec55a20c902f/go.mod h1:3YUtoVrKWu2ql+iAeRyepSz3fy6a+19hJzGS88+u4u0=
github.com/marusama/semaphore v0.0.0-20190110074507-6952cef993b2 h1:sq+a5mb8zHbmHhrIH06oqIMGsanjpbxNgxEgZVfgpvQ=
github.com/marusama/semaphore v0.0.0-20190110074507-6952cef993b2/go.mod h1:TmeOqAKoDinfPfSohs14CO3VcEf7o+Bem6JiNe05yrQ=
github.com/mattn/go-sqlite3 v1.14.24 h1:tpSp2G2KyMnnQu99ngJ47EIkWVmliIizyZBfPrBWDRM=
github.com/mattn/go-sqlite3 v1.14.24/go.mod h1:Uh1q+B4BYcTPb+yiD3kU8Ct7aC0hY9fxUwlHK0RXw+Y=
github.com/piquette/finance-go v1.1.0 h1:3J5VBP6aPhvrj9Eg6Eus8eM6QJlX4l/wCfrJhONjS3k=
github.com/piquette/finance-go v1.1.0/go.mod h1:jaHaD5JJEWpl5mW712M8gRboc2xvhjshF3lqw/ke7AA=
github.com/pmezard/go-difflib v1.0.0 h1:4DBwDE0NGyQoBHbLQYPwSUPoCMWR5BEzIk/f1lZbAQM=
github.com/pmezard/go-difflib v1.0.0/go.mod h1:iKH77koFhYxTK1pcRnkKkqfTogsbg7gZNVY4sRDYZ/4=
github.com/shopspring/decimal v0.0.0-20180709203117-cd690d0c9e24 h1:pntxY8Ary0t43dCZ5dqY4YTJCObLY1kIXl0uzMv+7DE=
github.com/shopspring/decimal v0.0.0-20180709203117-cd690d0c9e24/go.mod h1:M+9NzErvs504Cn4c5DxATwIqPbtswREoFCre64PpcG4=
github.com/shopspring/decimal v1.4.0 h1:bxl37RwXBklmTi0C79JfXCEBD1cqqHt0bbgBAGFp81k=
github.com/shopspring/decimal v1.4.0/go.mod h1:gawqmDU56v4yIKSwfBSFip1HdCCXN8/+DMd9qYNcwME=
github.com/stretchr/testify v1.2.2 h1:bSDNvY7ZPG5RlJ8otE/7V6gMiyenm9RtJ7IUVIAoJ1w=
github.com/stretchr/testify v1.2.2/go.mod h1:a8OnRcib4nhh0OaRAV+Yts87kKdq0PP7pXfy6kDkUVs=
golang.org/x/sync v0.12.0 h1:MHc5BpPuC30uJk597Ri8TV3CNZcTLu6B6z4lJy+g6Jw=
golang.org/x/sync v0.12.0/go.mod h1:1dzgHSNfp02xaA81J2MS99Qcpr2w7fw1gpm99rleRqA=
gopkg.in/go-ini/ini.v1 v1.67.0 h1:XD5KHKqXxJbG21C8Hn12RufD9nDt9NgJVmf4xFtqOxQ=
gopkg.in/go-ini/ini.v1 v1.67.0/go.mod h1:M74/hG4RTwbkZyTEZ9iQwM4v6dFD4u6QBjoqT/pM8Kg=
